
Microsoft Visual Studio Solution File, Format Version 12.00
# Visual Studio Version 17
VisualStudioVersion = 17.7.34202.233
MinimumVisualStudioVersion = 10.0.40219.1
Project("{FAE04EC0-301F-11D3-BF4B-00C04F79EFBC}") = "HW1_BookProjectModified", "HW1_BookProjectModified\HW1_BookProjectModified.csproj", "{668B22AE-6C2A-40C7-A0D2-11F407EB724E}"
EndProject
Project("{FAE04EC0-301F-11D3-BF4B-00C04F79EFBC}") = "HW1_ZooManagementSystemDemo", "HW1_ZooManagementSystemDemo\HW1_ZooManagementSystemDemo.csproj", "{BA5FA549-6422-4B4F-8BCE-3C1D60A659D9}"
EndProject
Project("{FAE04EC0-301F-11D3-BF4B-00C04F79EFBC}") = "HW1_AutoMapperExampleUsage", "HW1_AutoMapperExampleUsage\HW1_AutoMapperExampleUsage.csproj", "{D4D177DD-D5E3-4BBB-A589-2FC8D9280441}"
EndProject
Global
	GlobalSection(SolutionConfigurationPlatforms) = preSolution
		Debug|Any CPU = Debug|Any CPU
		Release|Any CPU = Release|Any CPU
	EndGlobalSection
	GlobalSection(ProjectConfigurationPlatforms) = postSolution
		{668B22AE-6C2A-40C7-A0D2-11F407EB724E}.Debug|Any CPU.ActiveCfg = Debug|Any CPU
		{668B22AE-6C2A-40C7-A0D2-11F407EB724E}.Debug|Any CPU.Build.0 = Debug|Any CPU
		{668B22AE-6C2A-40C7-A0D2-11F407EB724E}.Release|Any CPU.ActiveCfg = Release|Any CPU
		{668B22AE-6C2A-40C7-A0D2-11F407EB724E}.Release|Any CPU.Build.0 = Release|Any CPU
		{BA5FA549-6422-4B4F-8BCE-3C1D60A659D9}.Debug|Any CPU.ActiveCfg = Debug|Any CPU
		{BA5FA549-6422-4B4F-8BCE-3C1D60A659D9}.Debug|Any CPU.Build.0 = Debug|Any CPU
		{BA5FA549-6422-4B4F-8BCE-3C1D60A659D9}.Release|Any CPU.ActiveCfg = Release|Any CPU
		{BA5FA549-6422-4B4F-8BCE-3C1D60A659D9}.Release|Any CPU.Build.0 = Release|Any CPU
		{D4D177DD-D5E3-4BBB-A589-2FC8D9280441}.Debug|Any CPU.ActiveCfg = Debug|Any CPU
		{D4D177DD-D5E3-4BBB-A589-2FC8D9280441}.Debug|Any CPU.Build.0 = Debug|Any CPU
		{D4D177DD-D5E3-4BBB-A589-2FC8D9280441}.Release|Any CPU.ActiveCfg = Release|Any CPU
		{D4D177DD-D5E3-4BBB-A589-2FC8D9280441}.Release|Any CPU.Build.0 = Release|Any CPU
	EndGlobalSection
	GlobalSection(SolutionProperties) = preSolution
		HideSolutionNode = FALSE
	EndGlobalSection
	GlobalSection(ExtensibilityGlobals) = postSolution
		SolutionGuid = {9A0317A4-DF3B-4A5C-82CA-62E0EA228CD6}
	EndGlobalSection
EndGlobal
